
Microsoft Visual Studio Solution File, Format Version 12.00
# Visual Studio Version 16
VisualStudioVersion = 16.0.29001.49
MinimumVisualStudioVersion = 10.0.40219.1
Project("{FAE04EC0-301F-11D3-BF4B-00C04F79EFBC}") = "Lesson6_Weather", "Lesson6_Weather.csproj", "{40B24469-30A1-4993-B357-2344957D2C76}"
EndProject
Global
	GlobalSection(SolutionConfigurationPlatforms) = preSolution
		Debug|Any CPU = Debug|Any CPU
		Release|Any CPU = Release|Any CPU
	EndGlobalSection
	GlobalSection(ProjectConfigurationPlatforms) = postSolution
		{40B24469-30A1-4993-B357-2344957D2C76}.Debug|Any CPU.ActiveCfg = Debug|Any CPU
		{40B24469-30A1-4993-B357-2344957D2C76}.Debug|Any CPU.Build.0 = Debug|Any CPU
		{40B24469-30A1-4993-B357-2344957D2C76}.Release|Any CPU.ActiveCfg = Release|Any CPU
		{40B24469-30A1-4993-B357-2344957D2C76}.Release|Any CPU.Build.0 = Release|Any CPU
	EndGlobalSection
	GlobalSection(SolutionProperties) = preSolution
		HideSolutionNode = FALSE
	EndGlobalSection
	GlobalSection(ExtensibilityGlobals) = postSolution
		SolutionGuid = {FA4DB056-5897-438A-A90E-5A0515929234}
	EndGlobalSection
EndGlobal
